{
  "name": "xenia",
  "lockfileVersion": 3,
  "requires": true,
  "packages": {
    "": {
      "dependencies": {
        "claude": "^0.1.1",
        "claude-cli": "^1.0.5"
      }
    },
    "node_modules/claude": {
      "version": "0.1.1",
      "resolved": "https://registry.npmjs.org/claude/-/claude-0.1.1.tgz",
      "integrity": "sha512-j7oSibqQdIODNhkI1sEJzHMiPsF43L/GqNbcA+eDDyGM10+x2sH9NW/PK6vM3z0J2tLDKMBcc5ZjVaoRinhuCA==",
      "license": "ISC"
    },
    "node_modules/claude-cli": {
      "version": "1.0.5",
      "resolved": "https://registry.npmjs.org/claude-cli/-/claude-cli-1.0.5.tgz",
      "integrity": "sha512-v/8f6BKedfus1npGTyX8AIYp0ldRo5FMwzRbPCen0zv2m+00Qrna46czEoYK6tupJcrbnzVwrQYRbKOxmhv36A==",
      "deprecated": "The official Claude Code package is available at @anthropic-ai/claude-code",
      "license": "ISC"
    }
  }
}
